// !$*UTF8*$!
{
	archiveVersion = 1;
	classes = {
	};
	objectVersion = 77;
	objects = {

/* Begin PBXBuildFile section */
		D0D0D00000000000000000A3 /* StitchKit in Frameworks */ = {isa = PBXBuildFile; productRef = D0D0D00000000000000000A2 /* StitchKit */; };
		D0D0D00000000000000000B3 /* StitchKit in Frameworks */ = {isa = PBXBuildFile; productRef = D0D0D00000000000000000B2 /* StitchKit */; };
		D0D0D00000000000000000CD /* SeamlyBroadcast.appex in Embed Foundation Extensions */ = {isa = PBXBuildFile; fileRef = D0D0D00000000000000000C2 /* SeamlyBroadcast.appex */; settings = {ATTRIBUTES = (RemoveHeadersOnCopy, ); }; };
/* End PBXBuildFile section */

/* Begin PBXContainerItemProxy section */
		B3CFC88A2FF912620078D068 /* PBXContainerItemProxy */ = {
			isa = PBXContainerItemProxy;
			containerPortal = B3CFC8742FF912610078D068 /* Project object */;
			proxyType = 1;
			remoteGlobalIDString = B3CFC87B2FF912610078D068;
			remoteInfo = Seamly;
		};
		B3CFC8942FF912620078D068 /* PBXContainerItemProxy */ = {
			isa = PBXContainerItemProxy;
			containerPortal = B3CFC8742FF912610078D068 /* Project object */;
			proxyType = 1;
			remoteGlobalIDString = B3CFC87B2FF912610078D068;
			remoteInfo = Seamly;
		};
		D0D0D00000000000000000CC /* PBXContainerItemProxy */ = {
			isa = PBXContainerItemProxy;
			containerPortal = B3CFC8742FF912610078D068 /* Project object */;
			proxyType = 1;
			remoteGlobalIDString = D0D0D00000000000000000C1;
			remoteInfo = SeamlyBroadcast;
		};
/* End PBXContainerItemProxy section */

/* Begin PBXCopyFilesBuildPhase section */
		D0D0D00000000000000000CA /* Embed Foundation Extensions */ = {
			isa = PBXCopyFilesBuildPhase;
			buildActionMask = 2147483647;
			dstPath = "";
			dstSubfolderSpec = 13;
			files = (
				D0D0D00000000000000000CD /* SeamlyBroadcast.appex in Embed Foundation Extensions */,
			);
			name = "Embed Foundation Extensions";
			runOnlyForDeploymentPostprocessing = 0;
		};
/* End PBXCopyFilesBuildPhase section */

/* Begin PBXFileReference section */
		B3CFC87C2FF912610078D068 /* Seamly.app */ = {isa = PBXFileReference; explicitFileType = wrapper.application; includeInIndex = 0; path = Seamly.app; sourceTree = BUILT_PRODUCTS_DIR; };
		B3CFC8892FF912620078D068 /* SeamlyTests.xctest */ = {isa = PBXFileReference; explicitFileType = wrapper.cfbundle; includeInIndex = 0; path = SeamlyTests.xctest; sourceTree = BUILT_PRODUCTS_DIR; };
		B3CFC8932FF912620078D068 /* SeamlyUITests.xctest */ = {isa = PBXFileReference; explicitFileType = wrapper.cfbundle; includeInIndex = 0; path = SeamlyUITests.xctest; sourceTree = BUILT_PRODUCTS_DIR; };
		D0D0D00000000000000000C2 /* SeamlyBroadcast.appex */ = {isa = PBXFileReference; explicitFileType = "wrapper.app-extension"; includeInIndex = 0; path = SeamlyBroadcast.appex; sourceTree = BUILT_PRODUCTS_DIR; };
/* End PBXFileReference section */

/* Begin PBXFileSystemSynchronizedBuildFileExceptionSet section */
		D0D0D00000000000000000CE /* Exceptions for "SeamlyBroadcast" folder in "SeamlyBroadcast" target */ = {
			isa = PBXFileSystemSynchronizedBuildFileExceptionSet;
			membershipExceptions = (
				Info.plist,
			);
			target = D0D0D00000000000000000C1 /* SeamlyBroadcast */;
		};
/* End PBXFileSystemSynchronizedBuildFileExceptionSet section */

/* Begin PBXFileSystemSynchronizedRootGroup section */
		B3CFC87E2FF912610078D068 /* Seamly */ = {
			isa = PBXFileSystemSynchronizedRootGroup;
			path = Seamly;
			sourceTree = "<group>";
		};
		B3CFC88C2FF912620078D068 /* SeamlyTests */ = {
			isa = PBXFileSystemSynchronizedRootGroup;
			path = SeamlyTests;
			sourceTree = "<group>";
		};
		B3CFC8962FF912620078D068 /* SeamlyUITests */ = {
			isa = PBXFileSystemSynchronizedRootGroup;
			path = SeamlyUITests;
			sourceTree = "<group>";
		};
		D0D0D00000000000000000C3 /* SeamlyBroadcast */ = {
			isa = PBXFileSystemSynchronizedRootGroup;
			exceptions = (
				D0D0D00000000000000000CE /* Exceptions for "SeamlyBroadcast" folder in "SeamlyBroadcast" target */,
			);
			path = SeamlyBroadcast;
			sourceTree = "<group>";
		};
/* End PBXFileSystemSynchronizedRootGroup section */

/* Begin PBXFrameworksBuildPhase section */
		B3CFC8792FF912610078D068 /* Frameworks */ = {
			isa = PBXFrameworksBuildPhase;
			buildActionMask = 2147483647;
			files = (
				D0D0D00000000000000000A3 /* StitchKit in Frameworks */,
			);
			runOnlyForDeploymentPostprocessing = 0;
		};
		B3CFC8862FF912620078D068 /* Frameworks */ = {
			isa = PBXFrameworksBuildPhase;
			buildActionMask = 2147483647;
			files = (
			);
			runOnlyForDeploymentPostprocessing = 0;
		};
		B3CFC8902FF912620078D068 /* Frameworks */ = {
			isa = PBXFrameworksBuildPhase;
			buildActionMask = 2147483647;
			files = (
			);
			runOnlyForDeploymentPostprocessing = 0;
		};
		D0D0D00000000000000000C5 /* Frameworks */ = {
			isa = PBXFrameworksBuildPhase;
			buildActionMask = 2147483647;
			files = (
				D0D0D00000000000000000B3 /* StitchKit in Frameworks */,
			);
			runOnlyForDeploymentPostprocessing = 0;
		};
/* End PBXFrameworksBuildPhase section */

/* Begin PBXGroup section */
		B3CFC8732FF912610078D068 = {
			isa = PBXGroup;
			children = (
				B3CFC87E2FF912610078D068 /* Seamly */,
				B3CFC88C2FF912620078D068 /* SeamlyTests */,
				B3CFC8962FF912620078D068 /* SeamlyUITests */,
				D0D0D00000000000000000C3 /* SeamlyBroadcast */,
				B3CFC87D2FF912610078D068 /* Products */,
			);
			sourceTree = "<group>";
		};
		B3CFC87D2FF912610078D068 /* Products */ = {
			isa = PBXGroup;
			children = (
				B3CFC87C2FF912610078D068 /* Seamly.app */,
				B3CFC8892FF912620078D068 /* SeamlyTests.xctest */,
				B3CFC8932FF912620078D068 /* SeamlyUITests.xctest */,
				D0D0D00000000000000000C2 /* SeamlyBroadcast.appex */,
			);
			name = Products;
			sourceTree = "<group>";
		};
/* End PBXGroup section */

/* Begin PBXNativeTarget section */
		B3CFC87B2FF912610078D068 /* Seamly */ = {
			isa = PBXNativeTarget;
			buildConfigurationList = B3CFC89D2FF912620078D068 /* Build configuration list for PBXNativeTarget "Seamly" */;
			buildPhases = (
				B3CFC8782FF912610078D068 /* Sources */,
				B3CFC8792FF912610078D068 /* Frameworks */,
				B3CFC87A2FF912610078D068 /* Resources */,
				D0D0D00000000000000000CA /* Embed Foundation Extensions */,
			);
			buildRules = (
			);
			dependencies = (
				D0D0D00000000000000000CB /* PBXTargetDependency */,
			);
			fileSystemSynchronizedGroups = (
				B3CFC87E2FF912610078D068 /* Seamly */,
			);
			name = Seamly;
			packageProductDependencies = (
				D0D0D00000000000000000A2 /* StitchKit */,
			);
			productName = Seamly;
			productReference = B3CFC87C2FF912610078D068 /* Seamly.app */;
			productType = "com.apple.product-type.application";
		};
		B3CFC8882FF912620078D068 /* SeamlyTests */ = {
			isa = PBXNativeTarget;
			buildConfigurationList = B3CFC8A02FF912620078D068 /* Build configuration list for PBXNativeTarget "SeamlyTests" */;
			buildPhases = (
				B3CFC8852FF912620078D068 /* Sources */,
				B3CFC8862FF912620078D068 /* Frameworks */,
				B3CFC8872FF912620078D068 /* Resources */,
			);
			buildRules = (
			);
			dependencies = (
				B3CFC88B2FF912620078D068 /* PBXTargetDependency */,
			);
			fileSystemSynchronizedGroups = (
				B3CFC88C2FF912620078D068 /* SeamlyTests */,
			);
			name = SeamlyTests;
			packageProductDependencies = (
			);
			productName = SeamlyTests;
			productReference = B3CFC8892FF912620078D068 /* SeamlyTests.xctest */;
			productType = "com.apple.product-type.bundle.unit-test";
		};
		B3CFC8922FF912620078D068 /* SeamlyUITests */ = {
			isa = PBXNativeTarget;
			buildConfigurationList = B3CFC8A32FF912620078D068 /* Build configuration list for PBXNativeTarget "SeamlyUITests" */;
			buildPhases = (
				B3CFC88F2FF912620078D068 /* Sources */,
				B3CFC8902FF912620078D068 /* Frameworks */,
				B3CFC8912FF912620078D068 /* Resources */,
			);
			buildRules = (
			);
			dependencies = (
				B3CFC8952FF912620078D068 /* PBXTargetDependency */,
			);
			fileSystemSynchronizedGroups = (
				B3CFC8962FF912620078D068 /* SeamlyUITests */,
			);
			name = SeamlyUITests;
			packageProductDependencies = (
			);
			productName = SeamlyUITests;
			productReference = B3CFC8932FF912620078D068 /* SeamlyUITests.xctest */;
			productType = "com.apple.product-type.bundle.ui-testing";
		};
		D0D0D00000000000000000C1 /* SeamlyBroadcast */ = {
			isa = PBXNativeTarget;
			buildConfigurationList = D0D0D00000000000000000C7 /* Build configuration list for PBXNativeTarget "SeamlyBroadcast" */;
			buildPhases = (
				D0D0D00000000000000000C4 /* Sources */,
				D0D0D00000000000000000C5 /* Frameworks */,
				D0D0D00000000000000000C6 /* Resources */,
			);
			buildRules = (
			);
			dependencies = (
			);
			fileSystemSynchronizedGroups = (
				D0D0D00000000000000000C3 /* SeamlyBroadcast */,
			);
			name = SeamlyBroadcast;
			packageProductDependencies = (
				D0D0D00000000000000000B2 /* StitchKit */,
			);
			productName = SeamlyBroadcast;
			productReference = D0D0D00000000000000000C2 /* SeamlyBroadcast.appex */;
			productType = "com.apple.product-type.app-extension";
		};
/* End PBXNativeTarget section */

/* Begin PBXProject section */
		B3CFC8742FF912610078D068 /* Project object */ = {
			isa = PBXProject;
			attributes = {
				BuildIndependentTargetsInParallel = 1;
				LastSwiftUpdateCheck = 2650;
				LastUpgradeCheck = 2650;
				TargetAttributes = {
					B3CFC87B2FF912610078D068 = {
						CreatedOnToolsVersion = 26.5;
					};
					B3CFC8882FF912620078D068 = {
						CreatedOnToolsVersion = 26.5;
						TestTargetID = B3CFC87B2FF912610078D068;
					};
					B3CFC8922FF912620078D068 = {
						CreatedOnToolsVersion = 26.5;
						TestTargetID = B3CFC87B2FF912610078D068;
					};
					D0D0D00000000000000000C1 = {
						CreatedOnToolsVersion = 26.5;
					};
				};
			};
			buildConfigurationList = B3CFC8772FF912610078D068 /* Build configuration list for PBXProject "Seamly" */;
			developmentRegion = en;
			hasScannedForEncodings = 0;
			knownRegions = (
				en,
				Base,
			);
			mainGroup = B3CFC8732FF912610078D068;
			minimizedProjectReferenceProxies = 1;
			packageReferences = (
				D0D0D00000000000000000A1 /* XCLocalSwiftPackageReference "StitchKit" */,
			);
			preferredProjectObjectVersion = 77;
			productRefGroup = B3CFC87D2FF912610078D068 /* Products */;
			projectDirPath = "";
			projectRoot = "";
			targets = (
				B3CFC87B2FF912610078D068 /* Seamly */,
				D0D0D00000000000000000C1 /* SeamlyBroadcast */,
				B3CFC8882FF912620078D068 /* SeamlyTests */,
				B3CFC8922FF912620078D068 /* SeamlyUITests */,
			);
		};
/* End PBXProject section */

/* Begin PBXResourcesBuildPhase section */
		B3CFC87A2FF912610078D068 /* Resources */ = {
			isa = PBXResourcesBuildPhase;
			buildActionMask = 2147483647;
			files = (
			);
			runOnlyForDeploymentPostprocessing = 0;
		};
		B3CFC8872FF912620078D068 /* Resources */ = {
			isa = PBXResourcesBuildPhase;
			buildActionMask = 2147483647;
			files = (
			);
			runOnlyForDeploymentPostprocessing = 0;
		};
		B3CFC8912FF912620078D068 /* Resources */ = {
			isa = PBXResourcesBuildPhase;
			buildActionMask = 2147483647;
			files = (
			);
			runOnlyForDeploymentPostprocessing = 0;
		};
		D0D0D00000000000000000C6 /* Resources */ = {
			isa = PBXResourcesBuildPhase;
			buildActionMask = 2147483647;
			files = (
			);
			runOnlyForDeploymentPostprocessing = 0;
		};
/* End PBXResourcesBuildPhase section */

/* Begin PBXSourcesBuildPhase section */
		B3CFC8782FF912610078D068 /* Sources */ = {
			isa = PBXSourcesBuildPhase;
			buildActionMask = 2147483647;
			files = (
			);
			runOnlyForDeploymentPostprocessing = 0;
		};
		B3CFC8852FF912620078D068 /* Sources */ = {
			isa = PBXSourcesBuildPhase;
			buildActionMask = 2147483647;
			files = (
			);
			runOnlyForDeploymentPostprocessing = 0;
		};
		B3CFC88F2FF912620078D068 /* Sources */ = {
			isa = PBXSourcesBuildPhase;
			buildActionMask = 2147483647;
			files = (
			);
			runOnlyForDeploymentPostprocessing = 0;
		};
		D0D0D00000000000000000C4 /* Sources */ = {
			isa = PBXSourcesBuildPhase;
			buildActionMask = 2147483647;
			files = (
			);
			runOnlyForDeploymentPostprocessing = 0;
		};
/* End PBXSourcesBuildPhase section */

/* Begin PBXTargetDependency section */
		B3CFC88B2FF912620078D068 /* PBXTargetDependency */ = {
			isa = PBXTargetDependency;
			target = B3CFC87B2FF912610078D068 /* Seamly */;
			targetProxy = B3CFC88A2FF912620078D068 /* PBXContainerItemProxy */;
		};
		B3CFC8952FF912620078D068 /* PBXTargetDependency */ = {
			isa = PBXTargetDependency;
			target = B3CFC87B2FF912610078D068 /* Seamly */;
			targetProxy = B3CFC8942FF912620078D068 /* PBXContainerItemProxy */;
		};
		D0D0D00000000000000000CB /* PBXTargetDependency */ = {
			isa = PBXTargetDependency;
			target = D0D0D00000000000000000C1 /* SeamlyBroadcast */;
			targetProxy = D0D0D00000000000000000CC /* PBXContainerItemProxy */;
		};
/* End PBXTargetDependency section */

/* Begin XCBuildConfiguration section */
		B3CFC89B2FF912620078D068 /* Debug */ = {
			isa = XCBuildConfiguration;
			buildSettings = {
				ALWAYS_SEARCH_USER_PATHS = NO;
				ASSETCATALOG_COMPILER_GENERATE_SWIFT_ASSET_SYMBOL_EXTENSIONS = YES;
				CLANG_ANALYZER_NONNULL = YES;
				CLANG_ANALYZER_NUMBER_OBJECT_CONVERSION = YES_AGGRESSIVE;
				CLANG_CXX_LANGUAGE_STANDARD = "gnu++20";
				CLANG_ENABLE_MODULES = YES;
				CLANG_ENABLE_OBJC_ARC = YES;
				CLANG_ENABLE_OBJC_WEAK = YES;
				CLANG_WARN_BLOCK_CAPTURE_AUTORELEASING = YES;
				CLANG_WARN_BOOL_CONVERSION = YES;
				CLANG_WARN_COMMA = YES;
				CLANG_WARN_CONSTANT_CONVERSION = YES;
				CLANG_WARN_DEPRECATED_OBJC_IMPLEMENTATIONS = YES;
				CLANG_WARN_DIRECT_OBJC_ISA_USAGE = YES_ERROR;
				CLANG_WARN_DOCUMENTATION_COMMENTS = YES;
				CLANG_WARN_EMPTY_BODY = YES;
				CLANG_WARN_ENUM_CONVERSION = YES;
				CLANG_WARN_INFINITE_RECURSION = YES;
				CLANG_WARN_INT_CONVERSION = YES;
				CLANG_WARN_NON_LITERAL_NULL_CONVERSION = YES;
				CLANG_WARN_OBJC_IMPLICIT_RETAIN_SELF = YES;
				CLANG_WARN_OBJC_LITERAL_CONVERSION = YES;
				CLANG_WARN_OBJC_ROOT_CLASS = YES_ERROR;
				CLANG_WARN_QUOTED_INCLUDE_IN_FRAMEWORK_HEADER = YES;
				CLANG_WARN_RANGE_LOOP_ANALYSIS = YES;
				CLANG_WARN_STRICT_PROTOTYPES = YES;
				CLANG_WARN_SUSPICIOUS_MOVE = YES;
				CLANG_WARN_UNGUARDED_AVAILABILITY = YES_AGGRESSIVE;
				CLANG_WARN_UNREACHABLE_CODE = YES;
				CLANG_WARN__DUPLICATE_METHOD_MATCH = YES;
				COPY_PHASE_STRIP = NO;
				DEBUG_INFORMATION_FORMAT = dwarf;
				DEVELOPMENT_TEAM = PJBUF7JSHK;
				ENABLE_STRICT_OBJC_MSGSEND = YES;
				ENABLE_TESTABILITY = YES;
				ENABLE_USER_SCRIPT_SANDBOXING = YES;
				GCC_C_LANGUAGE_STANDARD = gnu17;
				GCC_DYNAMIC_NO_PIC = NO;
				GCC_NO_COMMON_BLOCKS = YES;
				GCC_OPTIMIZATION_LEVEL = 0;
				GCC_PREPROCESSOR_DEFINITIONS = (
					"DEBUG=1",
					"$(inherited)",
				);
				GCC_WARN_64_TO_32_BIT_CONVERSION = YES;
				GCC_WARN_ABOUT_RETURN_TYPE = YES_ERROR;
				GCC_WARN_UNDECLARED_SELECTOR = YES;
				GCC_WARN_UNINITIALIZED_AUTOS = YES_AGGRESSIVE;
				GCC_WARN_UNUSED_FUNCTION = YES;
				GCC_WARN_UNUSED_VARIABLE = YES;
				LOCALIZATION_PREFERS_STRING_CATALOGS = YES;
				MTL_ENABLE_DEBUG_INFO = INCLUDE_SOURCE;
				MTL_FAST_MATH = YES;
				ONLY_ACTIVE_ARCH = YES;
				SWIFT_ACTIVE_COMPILATION_CONDITIONS = "DEBUG $(inherited)";
				SWIFT_OPTIMIZATION_LEVEL = "-Onone";
			};
			name = Debug;
		};
		B3CFC89C2FF912620078D068 /* Release */ = {
			isa = XCBuildConfiguration;
			buildSettings = {
				ALWAYS_SEARCH_USER_PATHS = NO;
				ASSETCATALOG_COMPILER_GENERATE_SWIFT_ASSET_SYMBOL_EXTENSIONS = YES;
				CLANG_ANALYZER_NONNULL = YES;
				CLANG_ANALYZER_NUMBER_OBJECT_CONVERSION = YES_AGGRESSIVE;
				CLANG_CXX_LANGUAGE_STANDARD = "gnu++20";
				CLANG_ENABLE_MODULES = YES;
				CLANG_ENABLE_OBJC_ARC = YES;
				CLANG_ENABLE_OBJC_WEAK = YES;
				CLANG_WARN_BLOCK_CAPTURE_AUTORELEASING = YES;
				CLANG_WARN_BOOL_CONVERSION = YES;
				CLANG_WARN_COMMA = YES;
				CLANG_WARN_CONSTANT_CONVERSION = YES;
				CLANG_WARN_DEPRECATED_OBJC_IMPLEMENTATIONS = YES;
				CLANG_WARN_DIRECT_OBJC_ISA_USAGE = YES_ERROR;
				CLANG_WARN_DOCUMENTATION_COMMENTS = YES;
				CLANG_WARN_EMPTY_BODY = YES;
				CLANG_WARN_ENUM_CONVERSION = YES;
				CLANG_WARN_INFINITE_RECURSION = YES;
				CLANG_WARN_INT_CONVERSION = YES;
				CLANG_WARN_NON_LITERAL_NULL_CONVERSION = YES;
				CLANG_WARN_OBJC_IMPLICIT_RETAIN_SELF = YES;
				CLANG_WARN_OBJC_LITERAL_CONVERSION = YES;
				CLANG_WARN_OBJC_ROOT_CLASS = YES_ERROR;
				CLANG_WARN_QUOTED_INCLUDE_IN_FRAMEWORK_HEADER = YES;
				CLANG_WARN_RANGE_LOOP_ANALYSIS = YES;
				CLANG_WARN_STRICT_PROTOTYPES = YES;
				CLANG_WARN_SUSPICIOUS_MOVE = YES;
				CLANG_WARN_UNGUARDED_AVAILABILITY = YES_AGGRESSIVE;
				CLANG_WARN_UNREACHABLE_CODE = YES;
				CLANG_WARN__DUPLICATE_METHOD_MATCH = YES;
				COPY_PHASE_STRIP = NO;
				DEBUG_INFORMATION_FORMAT = "dwarf-with-dsym";
				DEVELOPMENT_TEAM = PJBUF7JSHK;
				ENABLE_NS_ASSERTIONS = NO;
				ENABLE_STRICT_OBJC_MSGSEND = YES;
				ENABLE_USER_SCRIPT_SANDBOXING = YES;
				GCC_C_LANGUAGE_STANDARD = gnu17;
				GCC_NO_COMMON_BLOCKS = YES;
				GCC_WARN_64_TO_32_BIT_CONVERSION = YES;
				GCC_WARN_ABOUT_RETURN_TYPE = YES_ERROR;
				GCC_WARN_UNDECLARED_SELECTOR = YES;
				GCC_WARN_UNINITIALIZED_AUTOS = YES_AGGRESSIVE;
				GCC_WARN_UNUSED_FUNCTION = YES;
				GCC_WARN_UNUSED_VARIABLE = YES;
				LOCALIZATION_PREFERS_STRING_CATALOGS = YES;
				MTL_ENABLE_DEBUG_INFO = NO;
				MTL_FAST_MATH = YES;
				SWIFT_COMPILATION_MODE = wholemodule;
			};
			name = Release;
		};
		B3CFC89E2FF912620078D068 /* Debug */ = {
			isa = XCBuildConfiguration;
			buildSettings = {
				ASSETCATALOG_COMPILER_APPICON_NAME = AppIcon;
				ASSETCATALOG_COMPILER_GLOBAL_ACCENT_COLOR_NAME = AccentColor;
				CODE_SIGN_ENTITLEMENTS = Seamly/Seamly.entitlements;
				CODE_SIGN_STYLE = Automatic;
				CURRENT_PROJECT_VERSION = 1;
				DEVELOPMENT_TEAM = PJBUF7JSHK;
				ENABLE_APP_SANDBOX = YES;
				ENABLE_HARDENED_RUNTIME = YES;
				ENABLE_PREVIEWS = YES;
				ENABLE_USER_SELECTED_FILES = readonly;
				GENERATE_INFOPLIST_FILE = YES;
				INFOPLIST_KEY_ITSAppUsesNonExemptEncryption = NO;
				INFOPLIST_KEY_NSPhotoLibraryAddUsageDescription = "Seamly 会把拼好的长图保存到你的相册。";
				"INFOPLIST_KEY_UIApplicationSceneManifest_Generation[sdk=iphoneos*]" = YES;
				"INFOPLIST_KEY_UIApplicationSceneManifest_Generation[sdk=iphonesimulator*]" = YES;
				"INFOPLIST_KEY_UIApplicationSupportsIndirectInputEvents[sdk=iphoneos*]" = YES;
				"INFOPLIST_KEY_UIApplicationSupportsIndirectInputEvents[sdk=iphonesimulator*]" = YES;
				"INFOPLIST_KEY_UILaunchScreen_Generation[sdk=iphoneos*]" = YES;
				"INFOPLIST_KEY_UILaunchScreen_Generation[sdk=iphonesimulator*]" = YES;
				"INFOPLIST_KEY_UIStatusBarStyle[sdk=iphoneos*]" = UIStatusBarStyleDefault;
				"INFOPLIST_KEY_UIStatusBarStyle[sdk=iphonesimulator*]" = UIStatusBarStyleDefault;
				INFOPLIST_KEY_UISupportedInterfaceOrientations_iPad = "UIInterfaceOrientationPortrait UIInterfaceOrientationPortraitUpsideDown UIInterfaceOrientationLandscapeLeft UIInterfaceOrientationLandscapeRight";
				INFOPLIST_KEY_UISupportedInterfaceOrientations_iPhone = "UIInterfaceOrientationPortrait UIInterfaceOrientationLandscapeLeft UIInterfaceOrientationLandscapeRight";
				IPHONEOS_DEPLOYMENT_TARGET = 26.0;
				LD_RUNPATH_SEARCH_PATHS = "@executable_path/Frameworks";
				"LD_RUNPATH_SEARCH_PATHS[sdk=macosx*]" = "@executable_path/../Frameworks";
				MACOSX_DEPLOYMENT_TARGET = 26.4;
				MARKETING_VERSION = 1.0;
				PRODUCT_BUNDLE_IDENTIFIER = io.github.lilikazine.Seamly;
				PRODUCT_NAME = "$(TARGET_NAME)";
				REGISTER_APP_GROUPS = YES;
				SDKROOT = iphoneos;
				STRING_CATALOG_GENERATE_SYMBOLS = YES;
				SUPPORTED_PLATFORMS = "iphoneos iphonesimulator";
				SWIFT_APPROACHABLE_CONCURRENCY = YES;
				SWIFT_DEFAULT_ACTOR_ISOLATION = MainActor;
				SWIFT_EMIT_LOC_STRINGS = YES;
				SWIFT_UPCOMING_FEATURE_MEMBER_IMPORT_VISIBILITY = YES;
				SWIFT_VERSION = 6.0;
				TARGETED_DEVICE_FAMILY = "1,2";
				XROS_DEPLOYMENT_TARGET = 26.5;
			};
			name = Debug;
		};
		B3CFC89F2FF912620078D068 /* Release */ = {
			isa = XCBuildConfiguration;
			buildSettings = {
				ASSETCATALOG_COMPILER_APPICON_NAME = AppIcon;
				ASSETCATALOG_COMPILER_GLOBAL_ACCENT_COLOR_NAME = AccentColor;
				CODE_SIGN_ENTITLEMENTS = Seamly/Seamly.entitlements;
				CODE_SIGN_STYLE = Automatic;
				CURRENT_PROJECT_VERSION = 1;
				DEVELOPMENT_TEAM = PJBUF7JSHK;
				ENABLE_APP_SANDBOX = YES;
				ENABLE_HARDENED_RUNTIME = YES;
				ENABLE_PREVIEWS = YES;
				ENABLE_USER_SELECTED_FILES = readonly;
				GENERATE_INFOPLIST_FILE = YES;
				INFOPLIST_KEY_ITSAppUsesNonExemptEncryption = NO;
				INFOPLIST_KEY_NSPhotoLibraryAddUsageDescription = "Seamly 会把拼好的长图保存到你的相册。";
				"INFOPLIST_KEY_UIApplicationSceneManifest_Generation[sdk=iphoneos*]" = YES;
				"INFOPLIST_KEY_UIApplicationSceneManifest_Generation[sdk=iphonesimulator*]" = YES;
				"INFOPLIST_KEY_UIApplicationSupportsIndirectInputEvents[sdk=iphoneos*]" = YES;
				"INFOPLIST_KEY_UIApplicationSupportsIndirectInputEvents[sdk=iphonesimulator*]" = YES;
				"INFOPLIST_KEY_UILaunchScreen_Generation[sdk=iphoneos*]" = YES;
				"INFOPLIST_KEY_UILaunchScreen_Generation[sdk=iphonesimulator*]" = YES;
				"INFOPLIST_KEY_UIStatusBarStyle[sdk=iphoneos*]" = UIStatusBarStyleDefault;
				"INFOPLIST_KEY_UIStatusBarStyle[sdk=iphonesimulator*]" = UIStatusBarStyleDefault;
				INFOPLIST_KEY_UISupportedInterfaceOrientations_iPad = "UIInterfaceOrientationPortrait UIInterfaceOrientationPortraitUpsideDown UIInterfaceOrientationLandscapeLeft UIInterfaceOrientationLandscapeRight";
				INFOPLIST_KEY_UISupportedInterfaceOrientations_iPhone = "UIInterfaceOrientationPortrait UIInterfaceOrientationLandscapeLeft UIInterfaceOrientationLandscapeRight";
				IPHONEOS_DEPLOYMENT_TARGET = 26.0;
				LD_RUNPATH_SEARCH_PATHS = "@executable_path/Frameworks";
				"LD_RUNPATH_SEARCH_PATHS[sdk=macosx*]" = "@executable_path/../Frameworks";
				MACOSX_DEPLOYMENT_TARGET = 26.4;
				MARKETING_VERSION = 1.0;
				PRODUCT_BUNDLE_IDENTIFIER = io.github.lilikazine.Seamly;
				PRODUCT_NAME = "$(TARGET_NAME)";
				REGISTER_APP_GROUPS = YES;
				SDKROOT = iphoneos;
				STRING_CATALOG_GENERATE_SYMBOLS = YES;
				SUPPORTED_PLATFORMS = "iphoneos iphonesimulator";
				SWIFT_APPROACHABLE_CONCURRENCY = YES;
				SWIFT_DEFAULT_ACTOR_ISOLATION = MainActor;
				SWIFT_EMIT_LOC_STRINGS = YES;
				SWIFT_UPCOMING_FEATURE_MEMBER_IMPORT_VISIBILITY = YES;
				SWIFT_VERSION = 6.0;
				TARGETED_DEVICE_FAMILY = "1,2";
				XROS_DEPLOYMENT_TARGET = 26.5;
			};
			name = Release;
		};
		B3CFC8A12FF912620078D068 /* Debug */ = {
			isa = XCBuildConfiguration;
			buildSettings = {
				BUNDLE_LOADER = "$(TEST_HOST)";
				CODE_SIGN_STYLE = Automatic;
				CURRENT_PROJECT_VERSION = 1;
				DEVELOPMENT_TEAM = PJBUF7JSHK;
				GENERATE_INFOPLIST_FILE = YES;
				IPHONEOS_DEPLOYMENT_TARGET = 26.0;
				MACOSX_DEPLOYMENT_TARGET = 26.4;
				MARKETING_VERSION = 1.0;
				PRODUCT_BUNDLE_IDENTIFIER = io.github.lilikazine.SeamlyTests;
				PRODUCT_NAME = "$(TARGET_NAME)";
				SDKROOT = iphoneos;
				STRING_CATALOG_GENERATE_SYMBOLS = NO;
				SUPPORTED_PLATFORMS = "iphoneos iphonesimulator";
				SWIFT_APPROACHABLE_CONCURRENCY = YES;
				SWIFT_EMIT_LOC_STRINGS = NO;
				SWIFT_UPCOMING_FEATURE_MEMBER_IMPORT_VISIBILITY = YES;
				SWIFT_VERSION = 5.0;
				TARGETED_DEVICE_FAMILY = "1,2";
				TEST_HOST = "$(BUILT_PRODUCTS_DIR)/Seamly.app/$(BUNDLE_EXECUTABLE_FOLDER_PATH)/Seamly";
				XROS_DEPLOYMENT_TARGET = 26.5;
			};
			name = Debug;
		};
		B3CFC8A22FF912620078D068 /* Release */ = {
			isa = XCBuildConfiguration;
			buildSettings = {
				BUNDLE_LOADER = "$(TEST_HOST)";
				CODE_SIGN_STYLE = Automatic;
				CURRENT_PROJECT_VERSION = 1;
				DEVELOPMENT_TEAM = PJBUF7JSHK;
				GENERATE_INFOPLIST_FILE = YES;
				IPHONEOS_DEPLOYMENT_TARGET = 26.0;
				MACOSX_DEPLOYMENT_TARGET = 26.4;
				MARKETING_VERSION = 1.0;
				PRODUCT_BUNDLE_IDENTIFIER = io.github.lilikazine.SeamlyTests;
				PRODUCT_NAME = "$(TARGET_NAME)";
				SDKROOT = iphoneos;
				STRING_CATALOG_GENERATE_SYMBOLS = NO;
				SUPPORTED_PLATFORMS = "iphoneos iphonesimulator";
				SWIFT_APPROACHABLE_CONCURRENCY = YES;
				SWIFT_EMIT_LOC_STRINGS = NO;
				SWIFT_UPCOMING_FEATURE_MEMBER_IMPORT_VISIBILITY = YES;
				SWIFT_VERSION = 5.0;
				TARGETED_DEVICE_FAMILY = "1,2";
				TEST_HOST = "$(BUILT_PRODUCTS_DIR)/Seamly.app/$(BUNDLE_EXECUTABLE_FOLDER_PATH)/Seamly";
				XROS_DEPLOYMENT_TARGET = 26.5;
			};
			name = Release;
		};
		B3CFC8A42FF912620078D068 /* Debug */ = {
			isa = XCBuildConfiguration;
			buildSettings = {
				CODE_SIGN_STYLE = Automatic;
				CURRENT_PROJECT_VERSION = 1;
				DEVELOPMENT_TEAM = PJBUF7JSHK;
				GENERATE_INFOPLIST_FILE = YES;
				IPHONEOS_DEPLOYMENT_TARGET = 26.0;
				MACOSX_DEPLOYMENT_TARGET = 26.4;
				MARKETING_VERSION = 1.0;
				PRODUCT_BUNDLE_IDENTIFIER = io.github.lilikazine.SeamlyUITests;
				PRODUCT_NAME = "$(TARGET_NAME)";
				SDKROOT = iphoneos;
				STRING_CATALOG_GENERATE_SYMBOLS = NO;
				SUPPORTED_PLATFORMS = "iphoneos iphonesimulator";
				SWIFT_APPROACHABLE_CONCURRENCY = YES;
				SWIFT_EMIT_LOC_STRINGS = NO;
				SWIFT_UPCOMING_FEATURE_MEMBER_IMPORT_VISIBILITY = YES;
				SWIFT_VERSION = 5.0;
				TARGETED_DEVICE_FAMILY = "1,2";
				TEST_TARGET_NAME = Seamly;
				XROS_DEPLOYMENT_TARGET = 26.5;
			};
			name = Debug;
		};
		B3CFC8A52FF912620078D068 /* Release */ = {
			isa = XCBuildConfiguration;
			buildSettings = {
				CODE_SIGN_STYLE = Automatic;
				CURRENT_PROJECT_VERSION = 1;
				DEVELOPMENT_TEAM = PJBUF7JSHK;
				GENERATE_INFOPLIST_FILE = YES;
				IPHONEOS_DEPLOYMENT_TARGET = 26.0;
				MACOSX_DEPLOYMENT_TARGET = 26.4;
				MARKETING_VERSION = 1.0;
				PRODUCT_BUNDLE_IDENTIFIER = io.github.lilikazine.SeamlyUITests;
				PRODUCT_NAME = "$(TARGET_NAME)";
				SDKROOT = iphoneos;
				STRING_CATALOG_GENERATE_SYMBOLS = NO;
				SUPPORTED_PLATFORMS = "iphoneos iphonesimulator";
				SWIFT_APPROACHABLE_CONCURRENCY = YES;
				SWIFT_EMIT_LOC_STRINGS = NO;
				SWIFT_UPCOMING_FEATURE_MEMBER_IMPORT_VISIBILITY = YES;
				SWIFT_VERSION = 5.0;
				TARGETED_DEVICE_FAMILY = "1,2";
				TEST_TARGET_NAME = Seamly;
				XROS_DEPLOYMENT_TARGET = 26.5;
			};
			name = Release;
		};
		D0D0D00000000000000000C8 /* Debug */ = {
			isa = XCBuildConfiguration;
			buildSettings = {
				ASSETCATALOG_COMPILER_APPICON_NAME = AppIcon;
				CODE_SIGN_ENTITLEMENTS = SeamlyBroadcast/SeamlyBroadcast.entitlements;
				CODE_SIGN_STYLE = Automatic;
				CURRENT_PROJECT_VERSION = 1;
				DEVELOPMENT_TEAM = PJBUF7JSHK;
				GENERATE_INFOPLIST_FILE = NO;
				INFOPLIST_FILE = SeamlyBroadcast/Info.plist;
				INFOPLIST_KEY_CFBundleDisplayName = Seamly;
				IPHONEOS_DEPLOYMENT_TARGET = 26.0;
				LD_RUNPATH_SEARCH_PATHS = (
					"@executable_path/Frameworks",
					"@executable_path/../../Frameworks",
				);
				MARKETING_VERSION = 1.0;
				PRODUCT_BUNDLE_IDENTIFIER = io.github.lilikazine.Seamly.Broadcast;
				PRODUCT_NAME = "$(TARGET_NAME)";
				SDKROOT = iphoneos;
				SKIP_INSTALL = YES;
				SUPPORTED_PLATFORMS = "iphoneos iphonesimulator";
				SWIFT_APPROACHABLE_CONCURRENCY = YES;
				SWIFT_EMIT_LOC_STRINGS = YES;
				SWIFT_VERSION = 6.0;
				TARGETED_DEVICE_FAMILY = "1,2";
			};
			name = Debug;
		};
		D0D0D00000000000000000C9 /* Release */ = {
			isa = XCBuildConfiguration;
			buildSettings = {
				ASSETCATALOG_COMPILER_APPICON_NAME = AppIcon;
				CODE_SIGN_ENTITLEMENTS = SeamlyBroadcast/SeamlyBroadcast.entitlements;
				CODE_SIGN_STYLE = Automatic;
				CURRENT_PROJECT_VERSION = 1;
				DEVELOPMENT_TEAM = PJBUF7JSHK;
				GENERATE_INFOPLIST_FILE = NO;
				INFOPLIST_FILE = SeamlyBroadcast/Info.plist;
				INFOPLIST_KEY_CFBundleDisplayName = Seamly;
				IPHONEOS_DEPLOYMENT_TARGET = 26.0;
				LD_RUNPATH_SEARCH_PATHS = (
					"@executable_path/Frameworks",
					"@executable_path/../../Frameworks",
				);
				MARKETING_VERSION = 1.0;
				PRODUCT_BUNDLE_IDENTIFIER = io.github.lilikazine.Seamly.Broadcast;
				PRODUCT_NAME = "$(TARGET_NAME)";
				SDKROOT = iphoneos;
				SKIP_INSTALL = YES;
				SUPPORTED_PLATFORMS = "iphoneos iphonesimulator";
				SWIFT_APPROACHABLE_CONCURRENCY = YES;
				SWIFT_EMIT_LOC_STRINGS = YES;
				SWIFT_VERSION = 6.0;
				TARGETED_DEVICE_FAMILY = "1,2";
			};
			name = Release;
		};
/* End XCBuildConfiguration section */

/* Begin XCConfigurationList section */
		B3CFC8772FF912610078D068 /* Build configuration list for PBXProject "Seamly" */ = {
			isa = XCConfigurationList;
			buildConfigurations = (
				B3CFC89B2FF912620078D068 /* Debug */,
				B3CFC89C2FF912620078D068 /* Release */,
			);
			defaultConfigurationIsVisible = 0;
			defaultConfigurationName = Release;
		};
		B3CFC89D2FF912620078D068 /* Build configuration list for PBXNativeTarget "Seamly" */ = {
			isa = XCConfigurationList;
			buildConfigurations = (
				B3CFC89E2FF912620078D068 /* Debug */,
				B3CFC89F2FF912620078D068 /* Release */,
			);
			defaultConfigurationIsVisible = 0;
			defaultConfigurationName = Release;
		};
		B3CFC8A02FF912620078D068 /* Build configuration list for PBXNativeTarget "SeamlyTests" */ = {
			isa = XCConfigurationList;
			buildConfigurations = (
				B3CFC8A12FF912620078D068 /* Debug */,
				B3CFC8A22FF912620078D068 /* Release */,
			);
			defaultConfigurationIsVisible = 0;
			defaultConfigurationName = Release;
		};
		B3CFC8A32FF912620078D068 /* Build configuration list for PBXNativeTarget "SeamlyUITests" */ = {
			isa = XCConfigurationList;
			buildConfigurations = (
				B3CFC8A42FF912620078D068 /* Debug */,
				B3CFC8A52FF912620078D068 /* Release */,
			);
			defaultConfigurationIsVisible = 0;
			defaultConfigurationName = Release;
		};
		D0D0D00000000000000000C7 /* Build configuration list for PBXNativeTarget "SeamlyBroadcast" */ = {
			isa = XCConfigurationList;
			buildConfigurations = (
				D0D0D00000000000000000C8 /* Debug */,
				D0D0D00000000000000000C9 /* Release */,
			);
			defaultConfigurationIsVisible = 0;
			defaultConfigurationName = Release;
		};
/* End XCConfigurationList section */

/* Begin XCLocalSwiftPackageReference section */
		D0D0D00000000000000000A1 /* XCLocalSwiftPackageReference "StitchKit" */ = {
			isa = XCLocalSwiftPackageReference;
			relativePath = StitchKit;
		};
/* End XCLocalSwiftPackageReference section */

/* Begin XCSwiftPackageProductDependency section */
		D0D0D00000000000000000A2 /* StitchKit */ = {
			isa = XCSwiftPackageProductDependency;
			productName = StitchKit;
		};
		D0D0D00000000000000000B2 /* StitchKit */ = {
			isa = XCSwiftPackageProductDependency;
			productName = StitchKit;
		};
/* End XCSwiftPackageProductDependency section */
	};
	rootObject = B3CFC8742FF912610078D068 /* Project object */;
}
